
Microsoft Visual Studio Solution File, Format Version 12.00
Project("{FAE04EC0-301F-11D3-BF4B-00C04F79EFBC}") = "RazorBasics", "src\RazorBasics\RazorBasics.csproj", "{CD6AB75D-DF78-43B7-B8D1-BE5D92477AA2}"
EndProject
Project("{2150E333-8FDC-42A3-9474-1A3956D46DE8}") = "src", "src", "{E3364A75-886F-4B3F-9BB3-332E26BD7DE5}"
EndProject
Global
	GlobalSection(SolutionConfigurationPlatforms) = preSolution
		Debug|Any CPU = Debug|Any CPU
		Release|Any CPU = Release|Any CPU
	EndGlobalSection
	GlobalSection(ProjectConfigurationPlatforms) = postSolution
		{CD6AB75D-DF78-43B7-B8D1-BE5D92477AA2}.Debug|Any CPU.ActiveCfg = Debug|Any CPU
		{CD6AB75D-DF78-43B7-B8D1-BE5D92477AA2}.Debug|Any CPU.Build.0 = Debug|Any CPU
		{CD6AB75D-DF78-43B7-B8D1-BE5D92477AA2}.Release|Any CPU.ActiveCfg = Release|Any CPU
		{CD6AB75D-DF78-43B7-B8D1-BE5D92477AA2}.Release|Any CPU.Build.0 = Release|Any CPU
	EndGlobalSection
	GlobalSection(NestedProjects) = preSolution
		{CD6AB75D-DF78-43B7-B8D1-BE5D92477AA2} = {E3364A75-886F-4B3F-9BB3-332E26BD7DE5}
	EndGlobalSection
EndGlobal
